
Microsoft Visual Studio Solution File, Format Version 12.00
# Visual Studio Version 17
VisualStudioVersion = 17.4.33205.214
MinimumVisualStudioVersion = 10.0.40219.1
Project("{FAE04EC0-301F-11D3-BF4B-00C04F79EFBC}") = "gra_saper", "gra_saper\gra_saper.csproj", "{4068FBAB-8D75-4F65-A6D8-3DC413CABC55}"
EndProject
Global
	GlobalSection(SolutionConfigurationPlatforms) = preSolution
		Debug|Any CPU = Debug|Any CPU
		Release|Any CPU = Release|Any CPU
	EndGlobalSection
	GlobalSection(ProjectConfigurationPlatforms) = postSolution
		{4068FBAB-8D75-4F65-A6D8-3DC413CABC55}.Debug|Any CPU.ActiveCfg = Debug|Any CPU
		{4068FBAB-8D75-4F65-A6D8-3DC413CABC55}.Debug|Any CPU.Build.0 = Debug|Any CPU
		{4068FBAB-8D75-4F65-A6D8-3DC413CABC55}.Release|Any CPU.ActiveCfg = Release|Any CPU
		{4068FBAB-8D75-4F65-A6D8-3DC413CABC55}.Release|Any CPU.Build.0 = Release|Any CPU
	EndGlobalSection
	GlobalSection(SolutionProperties) = preSolution
		HideSolutionNode = FALSE
	EndGlobalSection
	GlobalSection(ExtensibilityGlobals) = postSolution
		SolutionGuid = {020BA894-7D99-4FC8-BB59-347E45E5397C}
	EndGlobalSection
EndGlobal
